
Microsoft Visual Studio Solution File, Format Version 12.00
# Visual Studio Version 17
VisualStudioVersion = 17.14.36616.10 d17.14
MinimumVisualStudioVersion = 10.0.40219.1
Project("{FAE04EC0-301F-11D3-BF4B-00C04F79EFBC}") = "Set", "Set.csproj", "{80ED5E72-A099-4B94-861F-2161BD9F9A04}"
EndProject
Project("{FAE04EC0-301F-11D3-BF4B-00C04F79EFBC}") = "SetTests", "..\SetTests\SetTests.csproj", "{3476B483-71CC-3B7C-38B1-ED861FB6F6F5}"
EndProject
Global
	GlobalSection(SolutionConfigurationPlatforms) = preSolution
		Debug|Any CPU = Debug|Any CPU
		Release|Any CPU = Release|Any CPU
	EndGlobalSection
	GlobalSection(ProjectConfigurationPlatforms) = postSolution
		{80ED5E72-A099-4B94-861F-2161BD9F9A04}.Debug|Any CPU.ActiveCfg = Debug|Any CPU
		{80ED5E72-A099-4B94-861F-2161BD9F9A04}.Debug|Any CPU.Build.0 = Debug|Any CPU
		{80ED5E72-A099-4B94-861F-2161BD9F9A04}.Release|Any CPU.ActiveCfg = Release|Any CPU
		{80ED5E72-A099-4B94-861F-2161BD9F9A04}.Release|Any CPU.Build.0 = Release|Any CPU
		{3476B483-71CC-3B7C-38B1-ED861FB6F6F5}.Debug|Any CPU.ActiveCfg = Debug|Any CPU
		{3476B483-71CC-3B7C-38B1-ED861FB6F6F5}.Debug|Any CPU.Build.0 = Debug|Any CPU
		{3476B483-71CC-3B7C-38B1-ED861FB6F6F5}.Release|Any CPU.ActiveCfg = Release|Any CPU
		{3476B483-71CC-3B7C-38B1-ED861FB6F6F5}.Release|Any CPU.Build.0 = Release|Any CPU
	EndGlobalSection
	GlobalSection(SolutionProperties) = preSolution
		HideSolutionNode = FALSE
	EndGlobalSection
	GlobalSection(ExtensibilityGlobals) = postSolution
		SolutionGuid = {CCF647A8-593A-47E7-B531-10BB06F0AFD4}
	EndGlobalSection
EndGlobal
